
Microsoft Visual Studio Solution File, Format Version 12.00
# Visual Studio Version 17
VisualStudioVersion = 17.5.33530.505
MinimumVisualStudioVersion = 10.0.40219.1
Project("{FAE04EC0-301F-11D3-BF4B-00C04F79EFBC}") = "VietTravelApi", "VietTravelApi\VietTravelApi.csproj", "{1D13C1B2-EC74-4BB2-AFF4-0F5975E2062B}"
EndProject
Global
	GlobalSection(SolutionConfigurationPlatforms) = preSolution
		Debug|Any CPU = Debug|Any CPU
		Release|Any CPU = Release|Any CPU
	EndGlobalSection
	GlobalSection(ProjectConfigurationPlatforms) = postSolution
		{1D13C1B2-EC74-4BB2-AFF4-0F5975E2062B}.Debug|Any CPU.ActiveCfg = Debug|Any CPU
		{1D13C1B2-EC74-4BB2-AFF4-0F5975E2062B}.Debug|Any CPU.Build.0 = Debug|Any CPU
		{1D13C1B2-EC74-4BB2-AFF4-0F5975E2062B}.Release|Any CPU.ActiveCfg = Release|Any CPU
		{1D13C1B2-EC74-4BB2-AFF4-0F5975E2062B}.Release|Any CPU.Build.0 = Release|Any CPU
	EndGlobalSection
	GlobalSection(SolutionProperties) = preSolution
		HideSolutionNode = FALSE
	EndGlobalSection
	GlobalSection(ExtensibilityGlobals) = postSolution
		SolutionGuid = {E713787E-A430-439F-8F35-FFA21784B954}
	EndGlobalSection
EndGlobal
